// !$*UTF8*$!
{
	archiveVersion = 1;
	classes = {
	};
	objectVersion = 46;
	objects = {

/* Begin PBXBuildFile section */
		44821FF11BA04DD7004A0E5A /* AppDelegate.swift in Sources */ = {isa = PBXBuildFile; fileRef = 44821FF01BA04DD7004A0E5A /* AppDelegate.swift */; };
		44821FF31BA04DD7004A0E5A /* ViewController.swift in Sources */ = {isa = PBXBuildFile; fileRef = 44821FF21BA04DD7004A0E5A /* ViewController.swift */; };
		44821FF51BA04DD7004A0E5A /* Images.xcassets in Resources */ = {isa = PBXBuildFile; fileRef = 44821FF41BA04DD7004A0E5A /* Images.xcassets */; };
		44821FF81BA04DD7004A0E5A /* Main.storyboard in Resources */ = {isa = PBXBuildFile; fileRef = 44821FF61BA04DD7004A0E5A /* Main.storyboard */; };
		448220041BA04DD7004A0E5A /* DummyXPCTests.swift in Sources */ = {isa = PBXBuildFile; fileRef = 448220031BA04DD7004A0E5A /* DummyXPCTests.swift */; };
		448220181BA04DE9004A0E5A /* DummyService.m in Sources */ = {isa = PBXBuildFile; fileRef = 448220171BA04DE9004A0E5A /* DummyService.m */; };
		4482201A1BA04DE9004A0E5A /* main.m in Sources */ = {isa = PBXBuildFile; fileRef = 448220191BA04DE9004A0E5A /* main.m */; };
		4482201D1BA04DE9004A0E5A /* DummyService.xpc in Embed XPC Services */ = {isa = PBXBuildFile; fileRef = 448220111BA04DE9004A0E5A /* DummyService.xpc */; settings = {ATTRIBUTES = (RemoveHeadersOnCopy, ); }; };
		448220241BA04E15004A0E5A /* CatWrapper.swift in Sources */ = {isa = PBXBuildFile; fileRef = 448220231BA04E15004A0E5A /* CatWrapper.swift */; };
		448220251BA04E15004A0E5A /* CatWrapper.swift in Sources */ = {isa = PBXBuildFile; fileRef = 448220231BA04E15004A0E5A /* CatWrapper.swift */; };
		448220311BA05A5A004A0E5A /* PersonWrapper.m in Sources */ = {isa = PBXBuildFile; fileRef = 448220301BA05A5A004A0E5A /* PersonWrapper.m */; };
		448220321BA05A5A004A0E5A /* PersonWrapper.m in Sources */ = {isa = PBXBuildFile; fileRef = 448220301BA05A5A004A0E5A /* PersonWrapper.m */; };
/* End PBXBuildFile section */

/* Begin PBXContainerItemProxy section */
		44821FFE1BA04DD7004A0E5A /* PBXContainerItemProxy */ = {
			isa = PBXContainerItemProxy;
			containerPortal = 44821FE31BA04DD7004A0E5A /* Project object */;
			proxyType = 1;
			remoteGlobalIDString = 44821FEA1BA04DD7004A0E5A;
			remoteInfo = DummyXPC;
		};
		4482201B1BA04DE9004A0E5A /* PBXContainerItemProxy */ = {
			isa = PBXContainerItemProxy;
			containerPortal = 44821FE31BA04DD7004A0E5A /* Project object */;
			proxyType = 1;
			remoteGlobalIDString = 448220101BA04DE9004A0E5A;
			remoteInfo = DummyService;
		};
/* End PBXContainerItemProxy section */

/* Begin PBXCopyFilesBuildPhase section */
		448220211BA04DE9004A0E5A /* Embed XPC Services */ = {
			isa = PBXCopyFilesBuildPhase;
			buildActionMask = 2147483647;
			dstPath = "$(CONTENTS_FOLDER_PATH)/XPCServices";
			dstSubfolderSpec = 16;
			files = (
				4482201D1BA04DE9004A0E5A /* DummyService.xpc in Embed XPC Services */,
			);
			name = "Embed XPC Services";
			runOnlyForDeploymentPostprocessing = 0;
		};
/* End PBXCopyFilesBuildPhase section */

/* Begin PBXFileReference section */
		44821FEB1BA04DD7004A0E5A /* DummyXPC.app */ = {isa = PBXFileReference; explicitFileType = wrapper.application; includeInIndex = 0; path = DummyXPC.app; sourceTree = BUILT_PRODUCTS_DIR; };
		44821FEF1BA04DD7004A0E5A /* Info.plist */ = {isa = PBXFileReference; lastKnownFileType = text.plist.xml; path = Info.plist; sourceTree = "<group>"; };
		44821FF01BA04DD7004A0E5A /* AppDelegate.swift */ = {isa = PBXFileReference; lastKnownFileType = sourcecode.swift; path = AppDelegate.swift; sourceTree = "<group>"; };
		44821FF21BA04DD7004A0E5A /* ViewController.swift */ = {isa = PBXFileReference; lastKnownFileType = sourcecode.swift; path = ViewController.swift; sourceTree = "<group>"; };
		44821FF41BA04DD7004A0E5A /* Images.xcassets */ = {isa = PBXFileReference; lastKnownFileType = folder.assetcatalog; path = Images.xcassets; sourceTree = "<group>"; };
		44821FF71BA04DD7004A0E5A /* Base */ = {isa = PBXFileReference; lastKnownFileType = file.storyboard; name = Base; path = Base.lproj/Main.storyboard; sourceTree = "<group>"; };
		44821FFD1BA04DD7004A0E5A /* DummyXPCTests.xctest */ = {isa = PBXFileReference; explicitFileType = wrapper.cfbundle; includeInIndex = 0; path = DummyXPCTests.xctest; sourceTree = BUILT_PRODUCTS_DIR; };
		448220021BA04DD7004A0E5A /* Info.plist */ = {isa = PBXFileReference; lastKnownFileType = text.plist.xml; path = Info.plist; sourceTree = "<group>"; };
		448220031BA04DD7004A0E5A /* DummyXPCTests.swift */ = {isa = PBXFileReference; lastKnownFileType = sourcecode.swift; path = DummyXPCTests.swift; sourceTree = "<group>"; };
		448220111BA04DE9004A0E5A /* DummyService.xpc */ = {isa = PBXFileReference; explicitFileType = "wrapper.xpc-service"; includeInIndex = 0; path = DummyService.xpc; sourceTree = BUILT_PRODUCTS_DIR; };
		448220141BA04DE9004A0E5A /* Info.plist */ = {isa = PBXFileReference; lastKnownFileType = text.plist.xml; path = Info.plist; sourceTree = "<group>"; };
		448220151BA04DE9004A0E5A /* DummyServiceProtocol.h */ = {isa = PBXFileReference; lastKnownFileType = sourcecode.c.h; path = DummyServiceProtocol.h; sourceTree = "<group>"; };
		448220161BA04DE9004A0E5A /* DummyService.h */ = {isa = PBXFileReference; lastKnownFileType = sourcecode.c.h; path = DummyService.h; sourceTree = "<group>"; };
		448220171BA04DE9004A0E5A /* DummyService.m */ = {isa = PBXFileReference; lastKnownFileType = sourcecode.c.objc; path = DummyService.m; sourceTree = "<group>"; };
		448220191BA04DE9004A0E5A /* main.m */ = {isa = PBXFileReference; lastKnownFileType = sourcecode.c.objc; path = main.m; sourceTree = "<group>"; };
		448220221BA04E15004A0E5A /* DummyService-Bridging-Header.h */ = {isa = PBXFileReference; lastKnownFileType = sourcecode.c.h; path = "DummyService-Bridging-Header.h"; sourceTree = "<group>"; };
		448220231BA04E15004A0E5A /* CatWrapper.swift */ = {isa = PBXFileReference; fileEncoding = 4; lastKnownFileType = sourcecode.swift; path = CatWrapper.swift; sourceTree = "<group>"; };
		448220271BA05747004A0E5A /* DummyXPC-Bridging-Header.h */ = {isa = PBXFileReference; lastKnownFileType = sourcecode.c.h; path = "DummyXPC-Bridging-Header.h"; sourceTree = "<group>"; };
		4482202F1BA05A5A004A0E5A /* PersonWrapper.h */ = {isa = PBXFileReference; fileEncoding = 4; lastKnownFileType = sourcecode.c.h; path = PersonWrapper.h; sourceTree = "<group>"; };
		448220301BA05A5A004A0E5A /* PersonWrapper.m */ = {isa = PBXFileReference; fileEncoding = 4; lastKnownFileType = sourcecode.c.objc; path = PersonWrapper.m; sourceTree = "<group>"; };
/* End PBXFileReference section */

/* Begin PBXFrameworksBuildPhase section */
		44821FE81BA04DD7004A0E5A /* Frameworks */ = {
			isa = PBXFrameworksBuildPhase;
			buildActionMask = 2147483647;
			files = (
			);
			runOnlyForDeploymentPostprocessing = 0;
		};
		44821FFA1BA04DD7004A0E5A /* Frameworks */ = {
			isa = PBXFrameworksBuildPhase;
			buildActionMask = 2147483647;
			files = (
			);
			runOnlyForDeploymentPostprocessing = 0;
		};
		4482200E1BA04DE9004A0E5A /* Frameworks */ = {
			isa = PBXFrameworksBuildPhase;
			buildActionMask = 2147483647;
			files = (
			);
			runOnlyForDeploymentPostprocessing = 0;
		};
/* End PBXFrameworksBuildPhase section */

/* Begin PBXGroup section */
		44821FE21BA04DD7004A0E5A = {
			isa = PBXGroup;
			children = (
				448220231BA04E15004A0E5A /* CatWrapper.swift */,
				4482202F1BA05A5A004A0E5A /* PersonWrapper.h */,
				448220301BA05A5A004A0E5A /* PersonWrapper.m */,
				44821FED1BA04DD7004A0E5A /* DummyXPC */,
				448220001BA04DD7004A0E5A /* DummyXPCTests */,
				448220121BA04DE9004A0E5A /* DummyService */,
				44821FEC1BA04DD7004A0E5A /* Products */,
				448220221BA04E15004A0E5A /* DummyService-Bridging-Header.h */,
				448220271BA05747004A0E5A /* DummyXPC-Bridging-Header.h */,
			);
			sourceTree = "<group>";
		};
		44821FEC1BA04DD7004A0E5A /* Products */ = {
			isa = PBXGroup;
			children = (
				44821FEB1BA04DD7004A0E5A /* DummyXPC.app */,
				44821FFD1BA04DD7004A0E5A /* DummyXPCTests.xctest */,
				448220111BA04DE9004A0E5A /* DummyService.xpc */,
			);
			name = Products;
			sourceTree = "<group>";
		};
		44821FED1BA04DD7004A0E5A /* DummyXPC */ = {
			isa = PBXGroup;
			children = (
				44821FF01BA04DD7004A0E5A /* AppDelegate.swift */,
				44821FF21BA04DD7004A0E5A /* ViewController.swift */,
				44821FF41BA04DD7004A0E5A /* Images.xcassets */,
				44821FF61BA04DD7004A0E5A /* Main.storyboard */,
				44821FEE1BA04DD7004A0E5A /* Supporting Files */,
			);
			path = DummyXPC;
			sourceTree = "<group>";
		};
		44821FEE1BA04DD7004A0E5A /* Supporting Files */ = {
			isa = PBXGroup;
			children = (
				44821FEF1BA04DD7004A0E5A /* Info.plist */,
			);
			name = "Supporting Files";
			sourceTree = "<group>";
		};
		448220001BA04DD7004A0E5A /* DummyXPCTests */ = {
			isa = PBXGroup;
			children = (
				448220031BA04DD7004A0E5A /* DummyXPCTests.swift */,
				448220011BA04DD7004A0E5A /* Supporting Files */,
			);
			path = DummyXPCTests;
			sourceTree = "<group>";
		};
		448220011BA04DD7004A0E5A /* Supporting Files */ = {
			isa = PBXGroup;
			children = (
				448220021BA04DD7004A0E5A /* Info.plist */,
			);
			name = "Supporting Files";
			sourceTree = "<group>";
		};
		448220121BA04DE9004A0E5A /* DummyService */ = {
			isa = PBXGroup;
			children = (
				448220151BA04DE9004A0E5A /* DummyServiceProtocol.h */,
				448220161BA04DE9004A0E5A /* DummyService.h */,
				448220171BA04DE9004A0E5A /* DummyService.m */,
				448220191BA04DE9004A0E5A /* main.m */,
				448220131BA04DE9004A0E5A /* Supporting Files */,
			);
			path = DummyService;
			sourceTree = "<group>";
		};
		448220131BA04DE9004A0E5A /* Supporting Files */ = {
			isa = PBXGroup;
			children = (
				448220141BA04DE9004A0E5A /* Info.plist */,
			);
			name = "Supporting Files";
			sourceTree = "<group>";
		};
/* End PBXGroup section */

/* Begin PBXNativeTarget section */
		44821FEA1BA04DD7004A0E5A /* DummyXPC */ = {
			isa = PBXNativeTarget;
			buildConfigurationList = 448220071BA04DD7004A0E5A /* Build configuration list for PBXNativeTarget "DummyXPC" */;
			buildPhases = (
				44821FE71BA04DD7004A0E5A /* Sources */,
				44821FE81BA04DD7004A0E5A /* Frameworks */,
				44821FE91BA04DD7004A0E5A /* Resources */,
				448220211BA04DE9004A0E5A /* Embed XPC Services */,
			);
			buildRules = (
			);
			dependencies = (
				4482201C1BA04DE9004A0E5A /* PBXTargetDependency */,
			);
			name = DummyXPC;
			productName = DummyXPC;
			productReference = 44821FEB1BA04DD7004A0E5A /* DummyXPC.app */;
			productType = "com.apple.product-type.application";
		};
		44821FFC1BA04DD7004A0E5A /* DummyXPCTests */ = {
			isa = PBXNativeTarget;
			buildConfigurationList = 4482200A1BA04DD7004A0E5A /* Build configuration list for PBXNativeTarget "DummyXPCTests" */;
			buildPhases = (
				44821FF91BA04DD7004A0E5A /* Sources */,
				44821FFA1BA04DD7004A0E5A /* Frameworks */,
				44821FFB1BA04DD7004A0E5A /* Resources */,
			);
			buildRules = (
			);
			dependencies = (
				44821FFF1BA04DD7004A0E5A /* PBXTargetDependency */,
			);
			name = DummyXPCTests;
			productName = DummyXPCTests;
			productReference = 44821FFD1BA04DD7004A0E5A /* DummyXPCTests.xctest */;
			productType = "com.apple.product-type.bundle.unit-test";
		};
		448220101BA04DE9004A0E5A /* DummyService */ = {
			isa = PBXNativeTarget;
			buildConfigurationList = 4482201E1BA04DE9004A0E5A /* Build configuration list for PBXNativeTarget "DummyService" */;
			buildPhases = (
				4482200D1BA04DE9004A0E5A /* Sources */,
				4482200E1BA04DE9004A0E5A /* Frameworks */,
				4482200F1BA04DE9004A0E5A /* Resources */,
			);
			buildRules = (
			);
			dependencies = (
			);
			name = DummyService;
			productName = DummyService;
			productReference = 448220111BA04DE9004A0E5A /* DummyService.xpc */;
			productType = "com.apple.product-type.xpc-service";
		};
/* End PBXNativeTarget section */

/* Begin PBXProject section */
		44821FE31BA04DD7004A0E5A /* Project object */ = {
			isa = PBXProject;
			attributes = {
				LastUpgradeCheck = 0640;
				ORGANIZATIONNAME = MIPT;
				TargetAttributes = {
					44821FEA1BA04DD7004A0E5A = {
						CreatedOnToolsVersion = 6.4;
					};
					44821FFC1BA04DD7004A0E5A = {
						CreatedOnToolsVersion = 6.4;
						TestTargetID = 44821FEA1BA04DD7004A0E5A;
					};
					448220101BA04DE9004A0E5A = {
						CreatedOnToolsVersion = 6.4;
					};
				};
			};
			buildConfigurationList = 44821FE61BA04DD7004A0E5A /* Build configuration list for PBXProject "DummyXPC" */;
			compatibilityVersion = "Xcode 3.2";
			developmentRegion = English;
			hasScannedForEncodings = 0;
			knownRegions = (
				en,
				Base,
			);
			mainGroup = 44821FE21BA04DD7004A0E5A;
			productRefGroup = 44821FEC1BA04DD7004A0E5A /* Products */;
			projectDirPath = "";
			projectRoot = "";
			targets = (
				44821FEA1BA04DD7004A0E5A /* DummyXPC */,
				44821FFC1BA04DD7004A0E5A /* DummyXPCTests */,
				448220101BA04DE9004A0E5A /* DummyService */,
			);
		};
/* End PBXProject section */

/* Begin PBXResourcesBuildPhase section */
		44821FE91BA04DD7004A0E5A /* Resources */ = {
			isa = PBXResourcesBuildPhase;
			buildActionMask = 2147483647;
			files = (
				44821FF51BA04DD7004A0E5A /* Images.xcassets in Resources */,
				44821FF81BA04DD7004A0E5A /* Main.storyboard in Resources */,
			);
			runOnlyForDeploymentPostprocessing = 0;
		};
		44821FFB1BA04DD7004A0E5A /* Resources */ = {
			isa = PBXResourcesBuildPhase;
			buildActionMask = 2147483647;
			files = (
			);
			runOnlyForDeploymentPostprocessing = 0;
		};
		4482200F1BA04DE9004A0E5A /* Resources */ = {
			isa = PBXResourcesBuildPhase;
			buildActionMask = 2147483647;
			files = (
			);
			runOnlyForDeploymentPostprocessing = 0;
		};
/* End PBXResourcesBuildPhase section */

/* Begin PBXSourcesBuildPhase section */
		44821FE71BA04DD7004A0E5A /* Sources */ = {
			isa = PBXSourcesBuildPhase;
			buildActionMask = 2147483647;
			files = (
				448220241BA04E15004A0E5A /* CatWrapper.swift in Sources */,
				44821FF31BA04DD7004A0E5A /* ViewController.swift in Sources */,
				448220311BA05A5A004A0E5A /* PersonWrapper.m in Sources */,
				44821FF11BA04DD7004A0E5A /* AppDelegate.swift in Sources */,
			);
			runOnlyForDeploymentPostprocessing = 0;
		};
		44821FF91BA04DD7004A0E5A /* Sources */ = {
			isa = PBXSourcesBuildPhase;
			buildActionMask = 2147483647;
			files = (
				448220041BA04DD7004A0E5A /* DummyXPCTests.swift in Sources */,
			);
			runOnlyForDeploymentPostprocessing = 0;
		};
		4482200D1BA04DE9004A0E5A /* Sources */ = {
			isa = PBXSourcesBuildPhase;
			buildActionMask = 2147483647;
			files = (
				448220251BA04E15004A0E5A /* CatWrapper.swift in Sources */,
				4482201A1BA04DE9004A0E5A /* main.m in Sources */,
				448220321BA05A5A004A0E5A /* PersonWrapper.m in Sources */,
				448220181BA04DE9004A0E5A /* DummyService.m in Sources */,
			);
			runOnlyForDeploymentPostprocessing = 0;
		};
/* End PBXSourcesBuildPhase section */

/* Begin PBXTargetDependency section */
		44821FFF1BA04DD7004A0E5A /* PBXTargetDependency */ = {
			isa = PBXTargetDependency;
			target = 44821FEA1BA04DD7004A0E5A /* DummyXPC */;
			targetProxy = 44821FFE1BA04DD7004A0E5A /* PBXContainerItemProxy */;
		};
		4482201C1BA04DE9004A0E5A /* PBXTargetDependency */ = {
			isa = PBXTargetDependency;
			target = 448220101BA04DE9004A0E5A /* DummyService */;
			targetProxy = 4482201B1BA04DE9004A0E5A /* PBXContainerItemProxy */;
		};
/* End PBXTargetDependency section */

/* Begin PBXVariantGroup section */
		44821FF61BA04DD7004A0E5A /* Main.storyboard */ = {
			isa = PBXVariantGroup;
			children = (
				44821FF71BA04DD7004A0E5A /* Base */,
			);
			name = Main.storyboard;
			sourceTree = "<group>";
		};
/* End PBXVariantGroup section */

/* Begin XCBuildConfiguration section */
		448220051BA04DD7004A0E5A /* Debug */ = {
			isa = XCBuildConfiguration;
			buildSettings = {
				ALWAYS_SEARCH_USER_PATHS = NO;
				CLANG_CXX_LANGUAGE_STANDARD = "gnu++0x";
				CLANG_CXX_LIBRARY = "libc++";
				CLANG_ENABLE_MODULES = YES;
				CLANG_ENABLE_OBJC_ARC = YES;
				CLANG_WARN_BOOL_CONVERSION = YES;
				CLANG_WARN_CONSTANT_CONVERSION = YES;
				CLANG_WARN_DIRECT_OBJC_ISA_USAGE = YES_ERROR;
				CLANG_WARN_EMPTY_BODY = YES;
				CLANG_WARN_ENUM_CONVERSION = YES;
				CLANG_WARN_INT_CONVERSION = YES;
				CLANG_WARN_OBJC_ROOT_CLASS = YES_ERROR;
				CLANG_WARN_UNREACHABLE_CODE = YES;
				CLANG_WARN__DUPLICATE_METHOD_MATCH = YES;
				CODE_SIGN_IDENTITY = "-";
				COPY_PHASE_STRIP = NO;
				DEBUG_INFORMATION_FORMAT = dwarf;
				ENABLE_STRICT_OBJC_MSGSEND = YES;
				GCC_C_LANGUAGE_STANDARD = gnu99;
				GCC_DYNAMIC_NO_PIC = NO;
				GCC_NO_COMMON_BLOCKS = YES;
				GCC_OPTIMIZATION_LEVEL = 0;
				GCC_PREPROCESSOR_DEFINITIONS = (
					"DEBUG=1",
					"$(inherited)",
				);
				GCC_SYMBOLS_PRIVATE_EXTERN = NO;
				GCC_WARN_64_TO_32_BIT_CONVERSION = YES;
				GCC_WARN_ABOUT_RETURN_TYPE = YES_ERROR;
				GCC_WARN_UNDECLARED_SELECTOR = YES;
				GCC_WARN_UNINITIALIZED_AUTOS = YES_AGGRESSIVE;
				GCC_WARN_UNUSED_FUNCTION = YES;
				GCC_WARN_UNUSED_VARIABLE = YES;
				MACOSX_DEPLOYMENT_TARGET = 10.10;
				MTL_ENABLE_DEBUG_INFO = YES;
				ONLY_ACTIVE_ARCH = YES;
				SDKROOT = macosx;
				SWIFT_OPTIMIZATION_LEVEL = "-Onone";
			};
			name = Debug;
		};
		448220061BA04DD7004A0E5A /* Release */ = {
			isa = XCBuildConfiguration;
			buildSettings = {
				ALWAYS_SEARCH_USER_PATHS = NO;
				CLANG_CXX_LANGUAGE_STANDARD = "gnu++0x";
				CLANG_CXX_LIBRARY = "libc++";
				CLANG_ENABLE_MODULES = YES;
				CLANG_ENABLE_OBJC_ARC = YES;
				CLANG_WARN_BOOL_CONVERSION = YES;
				CLANG_WARN_CONSTANT_CONVERSION = YES;
				CLANG_WARN_DIRECT_OBJC_ISA_USAGE = YES_ERROR;
				CLANG_WARN_EMPTY_BODY = YES;
				CLANG_WARN_ENUM_CONVERSION = YES;
				CLANG_WARN_INT_CONVERSION = YES;
				CLANG_WARN_OBJC_ROOT_CLASS = YES_ERROR;
				CLANG_WARN_UNREACHABLE_CODE = YES;
				CLANG_WARN__DUPLICATE_METHOD_MATCH = YES;
				CODE_SIGN_IDENTITY = "-";
				COPY_PHASE_STRIP = NO;
				DEBUG_INFORMATION_FORMAT = "dwarf-with-dsym";
				ENABLE_NS_ASSERTIONS = NO;
				ENABLE_STRICT_OBJC_MSGSEND = YES;
				GCC_C_LANGUAGE_STANDARD = gnu99;
				GCC_NO_COMMON_BLOCKS = YES;
				GCC_WARN_64_TO_32_BIT_CONVERSION = YES;
				GCC_WARN_ABOUT_RETURN_TYPE = YES_ERROR;
				GCC_WARN_UNDECLARED_SELECTOR = YES;
				GCC_WARN_UNINITIALIZED_AUTOS = YES_AGGRESSIVE;
				GCC_WARN_UNUSED_FUNCTION = YES;
				GCC_WARN_UNUSED_VARIABLE = YES;
				MACOSX_DEPLOYMENT_TARGET = 10.10;
				MTL_ENABLE_DEBUG_INFO = NO;
				SDKROOT = macosx;
			};
			name = Release;
		};
		448220081BA04DD7004A0E5A /* Debug */ = {
			isa = XCBuildConfiguration;
			buildSettings = {
				ASSETCATALOG_COMPILER_APPICON_NAME = AppIcon;
				CLANG_ENABLE_MODULES = YES;
				COMBINE_HIDPI_IMAGES = YES;
				INFOPLIST_FILE = DummyXPC/Info.plist;
				LD_RUNPATH_SEARCH_PATHS = "$(inherited) @executable_path/../Frameworks";
				PRODUCT_NAME = "$(TARGET_NAME)";
				SWIFT_OBJC_BRIDGING_HEADER = "DummyXPC-Bridging-Header.h";
				SWIFT_OPTIMIZATION_LEVEL = "-Onone";
			};
			name = Debug;
		};
		448220091BA04DD7004A0E5A /* Release */ = {
			isa = XCBuildConfiguration;
			buildSettings = {
				ASSETCATALOG_COMPILER_APPICON_NAME = AppIcon;
				CLANG_ENABLE_MODULES = YES;
				COMBINE_HIDPI_IMAGES = YES;
				INFOPLIST_FILE = DummyXPC/Info.plist;
				LD_RUNPATH_SEARCH_PATHS = "$(inherited) @executable_path/../Frameworks";
				PRODUCT_NAME = "$(TARGET_NAME)";
				SWIFT_OBJC_BRIDGING_HEADER = "DummyXPC-Bridging-Header.h";
			};
			name = Release;
		};
		4482200B1BA04DD7004A0E5A /* Debug */ = {
			isa = XCBuildConfiguration;
			buildSettings = {
				BUNDLE_LOADER = "$(TEST_HOST)";
				COMBINE_HIDPI_IMAGES = YES;
				FRAMEWORK_SEARCH_PATHS = (
					"$(DEVELOPER_FRAMEWORKS_DIR)",
					"$(inherited)",
				);
				GCC_PREPROCESSOR_DEFINITIONS = (
					"DEBUG=1",
					"$(inherited)",
				);
				INFOPLIST_FILE = DummyXPCTests/Info.plist;
				LD_RUNPATH_SEARCH_PATHS = "$(inherited) @executable_path/../Frameworks @loader_path/../Frameworks";
				PRODUCT_NAME = "$(TARGET_NAME)";
				TEST_HOST = "$(BUILT_PRODUCTS_DIR)/DummyXPC.app/Contents/MacOS/DummyXPC";
			};
			name = Debug;
		};
		4482200C1BA04DD7004A0E5A /* Release */ = {
			isa = XCBuildConfiguration;
			buildSettings = {
				BUNDLE_LOADER = "$(TEST_HOST)";
				COMBINE_HIDPI_IMAGES = YES;
				FRAMEWORK_SEARCH_PATHS = (
					"$(DEVELOPER_FRAMEWORKS_DIR)",
					"$(inherited)",
				);
				INFOPLIST_FILE = DummyXPCTests/Info.plist;
				LD_RUNPATH_SEARCH_PATHS = "$(inherited) @executable_path/../Frameworks @loader_path/../Frameworks";
				PRODUCT_NAME = "$(TARGET_NAME)";
				TEST_HOST = "$(BUILT_PRODUCTS_DIR)/DummyXPC.app/Contents/MacOS/DummyXPC";
			};
			name = Release;
		};
		4482201F1BA04DE9004A0E5A /* Debug */ = {
			isa = XCBuildConfiguration;
			buildSettings = {
				CLANG_ENABLE_MODULES = YES;
				COMBINE_HIDPI_IMAGES = YES;
				DEFINES_MODULE = YES;
				EMBEDDED_CONTENT_CONTAINS_SWIFT = YES;
				GCC_PREPROCESSOR_DEFINITIONS = (
					"DEBUG=1",
					"$(inherited)",
				);
				INFOPLIST_FILE = DummyService/Info.plist;
				LD_RUNPATH_SEARCH_PATHS = "$(inherited) @executable_path/../Frameworks @loader_path/../Frameworks";
				PRODUCT_NAME = "$(TARGET_NAME)";
				SKIP_INSTALL = YES;
				SWIFT_OBJC_BRIDGING_HEADER = "DummyService-Bridging-Header.h";
				SWIFT_OPTIMIZATION_LEVEL = "-Onone";
			};
			name = Debug;
		};
		448220201BA04DE9004A0E5A /* Release */ = {
			isa = XCBuildConfiguration;
			buildSettings = {
				CLANG_ENABLE_MODULES = YES;
				COMBINE_HIDPI_IMAGES = YES;
				DEFINES_MODULE = YES;
				EMBEDDED_CONTENT_CONTAINS_SWIFT = YES;
				INFOPLIST_FILE = DummyService/Info.plist;
				LD_RUNPATH_SEARCH_PATHS = "$(inherited) @executable_path/../Frameworks @loader_path/../Frameworks";
				PRODUCT_NAME = "$(TARGET_NAME)";
				SKIP_INSTALL = YES;
				SWIFT_OBJC_BRIDGING_HEADER = "DummyService-Bridging-Header.h";
			};
			name = Release;
		};
/* End XCBuildConfiguration section */

/* Begin XCConfigurationList section */
		44821FE61BA04DD7004A0E5A /* Build configuration list for PBXProject "DummyXPC" */ = {
			isa = XCConfigurationList;
			buildConfigurations = (
				448220051BA04DD7004A0E5A /* Debug */,
				448220061BA04DD7004A0E5A /* Release */,
			);
			defaultConfigurationIsVisible = 0;
			defaultConfigurationName = Release;
		};
		448220071BA04DD7004A0E5A /* Build configuration list for PBXNativeTarget "DummyXPC" */ = {
			isa = XCConfigurationList;
			buildConfigurations = (
				448220081BA04DD7004A0E5A /* Debug */,
				448220091BA04DD7004A0E5A /* Release */,
			);
			defaultConfigurationIsVisible = 0;
		};
		4482200A1BA04DD7004A0E5A /* Build configuration list for PBXNativeTarget "DummyXPCTests" */ = {
			isa = XCConfigurationList;
			buildConfigurations = (
				4482200B1BA04DD7004A0E5A /* Debug */,
				4482200C1BA04DD7004A0E5A /* Release */,
			);
			defaultConfigurationIsVisible = 0;
		};
		4482201E1BA04DE9004A0E5A /* Build configuration list for PBXNativeTarget "DummyService" */ = {
			isa = XCConfigurationList;
			buildConfigurations = (
				4482201F1BA04DE9004A0E5A /* Debug */,
				448220201BA04DE9004A0E5A /* Release */,
			);
			defaultConfigurationIsVisible = 0;
		};
/* End XCConfigurationList section */
	};
	rootObject = 44821FE31BA04DD7004A0E5A /* Project object */;
}
